
Microsoft Visual Studio Solution File, Format Version 12.00
# Visual Studio 15
VisualStudioVersion = 15.0.28307.1972
MinimumVisualStudioVersion = 10.0.40219.1
Project("{8BC9CEB8-8B4A-11D0-8D11-00A0C91BC942}") = "StreamTest", "StreamTest\StreamTest.vcxproj", "{F0CC1409-3154-4FA3-A411-ED655D910DF1}"
EndProject
Global
	GlobalSection(SolutionConfigurationPlatforms) = preSolution
		Debug|x64 = Debug|x64
		Debug|x86 = Debug|x86
		Release|x64 = Release|x64
		Release|x86 = Release|x86
	EndGlobalSection
	GlobalSection(ProjectConfigurationPlatforms) = postSolution
		{F0CC1409-3154-4FA3-A411-ED655D910DF1}.Debug|x64.ActiveCfg = Debug|x64
		{F0CC1409-3154-4FA3-A411-ED655D910DF1}.Debug|x64.Build.0 = Debug|x64
		{F0CC1409-3154-4FA3-A411-ED655D910DF1}.Debug|x86.ActiveCfg = Debug|Win32
		{F0CC1409-3154-4FA3-A411-ED655D910DF1}.Debug|x86.Build.0 = Debug|Win32
		{F0CC1409-3154-4FA3-A411-ED655D910DF1}.Release|x64.ActiveCfg = Release|x64
		{F0CC1409-3154-4FA3-A411-ED655D910DF1}.Release|x64.Build.0 = Release|x64
		{F0CC1409-3154-4FA3-A411-ED655D910DF1}.Release|x86.ActiveCfg = Release|Win32
		{F0CC1409-3154-4FA3-A411-ED655D910DF1}.Release|x86.Build.0 = Release|Win32
	EndGlobalSection
	GlobalSection(SolutionProperties) = preSolution
		HideSolutionNode = FALSE
	EndGlobalSection
	GlobalSection(ExtensibilityGlobals) = postSolution
		SolutionGuid = {04B41896-A905-4346-9646-EF685D297290}
	EndGlobalSection
EndGlobal
